{
  "name": "gojsdemo",
  "version": "1.0.0",
  "lockfileVersion": 1,
  "requires": true,
  "dependencies": {
    "gojs": {
      "version": "2.0.9",
      "resolved": "https://registry.npmjs.org/gojs/-/gojs-2.0.9.tgz",
      "integrity": "sha512-dv/oVjKdnAK0AMA4PEDEBWUtx7B3r2tNq+QPYMsbxj1KSKllsPQc/ykhPjsy5F/XZHwpZ6o1FtC8E3wPBOvCAw=="
    }
  }
}
