{
  "name": "gojsdemo",
  "version": "1.0.0",
  "lockfileVersion": 1,
  "requires": true,
  "dependencies": {
    "gojs": {
      "version": "1.8.27",
      "resolved": "http://registry.npm.taobao.org/gojs/download/gojs-1.8.27.tgz",
      "integrity": "sha1-i4BX9KmWIpnh0Kg++ggGnryp1F8="
    }
  }
}
